{
  "name": "gatewayservice",
  "version": "1.0.0",
  "lockfileVersion": 1,
  "requires": true,
  "dependencies": {
    "nswag": {
      "version": "11.17.15",
      "resolved": "https://registry.npmjs.org/nswag/-/nswag-11.17.15.tgz",
      "integrity": "sha1-Kl/pB1YuqYO7+2HwZ7Ui1wu+0Tg=",
      "dev": true
    }
  }
}
